
Microsoft Visual Studio Solution File, Format Version 12.00
# Visual Studio Version 16
VisualStudioVersion = 16.0.31105.61
MinimumVisualStudioVersion = 10.0.40219.1
Project("{2150E333-8FDC-42A3-9474-1A3956D46DE8}") = "ShopManagement", "ShopManagement", "{B49D556F-8108-435B-9E7D-5DEF961E47F1}"
EndProject
Project("{2150E333-8FDC-42A3-9474-1A3956D46DE8}") = "SM.Domain", "SM.Domain", "{6BAEBA1E-2F48-43C6-A386-416319DD5521}"
EndProject
Project("{9A19103F-16F7-4668-BE54-9A1E7A4F7556}") = "ShopManagement.Domain", "ShopManagement.Domain\ShopManagement.Domain.csproj", "{7E0F8853-6DD1-47F5-9858-B0DF25E84A70}"
EndProject
Project("{9A19103F-16F7-4668-BE54-9A1E7A4F7556}") = "0_Framework", "0_Framwork\0_Framework.csproj", "{D4254FB7-FC03-4161-A482-7B4E7C666919}"
EndProject
Project("{2150E333-8FDC-42A3-9474-1A3956D46DE8}") = "SM.Application", "SM.Application", "{26B0F924-054A-4067-BC23-E430E78665DB}"
EndProject
Project("{9A19103F-16F7-4668-BE54-9A1E7A4F7556}") = "ShopManagement.Application.Contracts", "ShopManagement.Application.Contracts\ShopManagement.Application.Contracts.csproj", "{83343774-2588-4A31-9121-1C28E3B801A6}"
EndProject
Project("{9A19103F-16F7-4668-BE54-9A1E7A4F7556}") = "ShopManagement.Application", "ShopMangement.Application\ShopManagement.Application.csproj", "{7D83B473-CCBA-45A5-BC22-0D46E5FCA523}"
EndProject
Project("{2150E333-8FDC-42A3-9474-1A3956D46DE8}") = "SM.Infrastructure", "SM.Infrastructure", "{BF1F3108-BCAA-41D4-904C-E3781A279599}"
EndProject
Project("{9A19103F-16F7-4668-BE54-9A1E7A4F7556}") = "ShopManagement.Infrastructure.EFCore", "Shopmanagement.infrastructure.EFCore\ShopManagement.Infrastructure.EFCore.csproj", "{FAA0A922-AA72-44B9-A355-0A824354C509}"
EndProject
Project("{9A19103F-16F7-4668-BE54-9A1E7A4F7556}") = "ServiceHost", "ServiceHost\ServiceHost.csproj", "{82555A7D-7401-4ADA-AD1A-A821A16359BE}"
EndProject
Project("{9A19103F-16F7-4668-BE54-9A1E7A4F7556}") = "01_LampShadeQuery", "01_LampShadeQuery\01_LampShadeQuery.csproj", "{C36548DE-5D58-4022-9B3E-12BC3311407A}"
EndProject
Project("{2150E333-8FDC-42A3-9474-1A3956D46DE8}") = "DisCountManagement", "DisCountManagement", "{F7C1DAB3-B01E-4EAE-A95C-96C630C43D9B}"
EndProject
Project("{2150E333-8FDC-42A3-9474-1A3956D46DE8}") = "DM.Domain", "DM.Domain", "{E9563124-2464-49ED-94AD-80C3D61AEEDE}"
EndProject
Project("{2150E333-8FDC-42A3-9474-1A3956D46DE8}") = "DM.Application", "DM.Application", "{B45865AE-D338-43C7-A99A-0472249BDCDD}"
EndProject
Project("{2150E333-8FDC-42A3-9474-1A3956D46DE8}") = "DM.Infrastructure", "DM.Infrastructure", "{52A80E91-96F5-42C3-AFF4-81C30B7CE258}"
EndProject
Project("{9A19103F-16F7-4668-BE54-9A1E7A4F7556}") = "DiscountManagement.Domain", "DiscountManagement.Domain\DiscountManagement.Domain.csproj", "{9177A709-15AD-4E63-BBC1-7AE441AF0F6C}"
EndProject
Project("{9A19103F-16F7-4668-BE54-9A1E7A4F7556}") = "DiscountManagement.Application.Contract", "DiscountMangement.Application.Contract\DiscountManagement.Application.Contract.csproj", "{BC5CB456-2543-4056-8EBD-D5810D81554C}"
EndProject
Project("{9A19103F-16F7-4668-BE54-9A1E7A4F7556}") = "DiscountManagement.Application", "DiscountManagement.Application\DiscountManagement.Application.csproj", "{F155DF96-9CD2-4C3F-8547-7A0C324B5919}"
EndProject
Project("{9A19103F-16F7-4668-BE54-9A1E7A4F7556}") = "DiscountManagement.Infrastructure.EFCore", "DiscountManagement.Infrastructur.EFCore\DiscountManagement.Infrastructure.EFCore.csproj", "{86A61D55-EE3A-49ED-BCDC-9B503F3E2C55}"
EndProject
Project("{9A19103F-16F7-4668-BE54-9A1E7A4F7556}") = "DiscountManagement.Configuration", "DiscountManagement.Configuration\DiscountManagement.Configuration.csproj", "{4BEFDB1F-FAFD-45BE-A0CE-85BA175ACBFF}"
EndProject
Project("{2150E333-8FDC-42A3-9474-1A3956D46DE8}") = "InventoryManagment", "InventoryManagment", "{1D8D05E0-5021-4B0A-80E2-06BD97546545}"
EndProject
Project("{2150E333-8FDC-42A3-9474-1A3956D46DE8}") = "IM.Domain", "IM.Domain", "{933128E8-1E7E-416D-BCDD-9D7548E6DABB}"
EndProject
Project("{9A19103F-16F7-4668-BE54-9A1E7A4F7556}") = "InventoryManagement.Domain", "InventoryManagment.Domain\InventoryManagement.Domain.csproj", "{613DFB0A-E380-45C7-8AED-B189EA32D9A9}"
EndProject
Project("{2150E333-8FDC-42A3-9474-1A3956D46DE8}") = "IM.Application", "IM.Application", "{8C7C14AE-40D2-48BA-AC28-097C3C18E6CE}"
EndProject
Project("{9A19103F-16F7-4668-BE54-9A1E7A4F7556}") = "InventoryManagement.Application.Contract", "InvetoryManagement.Application.Contract\InventoryManagement.Application.Contract.csproj", "{8D445709-D703-4845-9B1F-B8BC6D1D911E}"
EndProject
Project("{9A19103F-16F7-4668-BE54-9A1E7A4F7556}") = "InventoryManagement.Application", "InvetoryManagement.Application\InventoryManagement.Application.csproj", "{634A0212-B5DD-411C-A084-2C8711E2A232}"
EndProject
Project("{2150E333-8FDC-42A3-9474-1A3956D46DE8}") = "IM.Infrastructure", "IM.Infrastructure", "{74C0AD53-E24A-4793-A198-4CC59799D2D5}"
EndProject
Project("{9A19103F-16F7-4668-BE54-9A1E7A4F7556}") = "InventoryManagement.Infrastructure.EFCore", "InventoryManagement.infrastructore.EFCore\InventoryManagement.Infrastructure.EFCore.csproj", "{1836B226-639B-403E-ACA6-A5B0A28C0628}"
EndProject
Project("{9A19103F-16F7-4668-BE54-9A1E7A4F7556}") = "InventoryManagement.Infrastructure.Configuration", "InventoryMnagement.Infrastructore.Configoration\InventoryManagement.Infrastructure.Configuration.csproj", "{9C59E3CB-4F26-451A-ACE4-3B1533A31119}"
EndProject
Project("{2150E333-8FDC-42A3-9474-1A3956D46DE8}") = "BlogManagement", "BlogManagement", "{E6684832-0AE1-447C-ABDD-969BAB216C47}"
EndProject
Project("{2150E333-8FDC-42A3-9474-1A3956D46DE8}") = "BM.Application", "BM.Application", "{4C3D947C-84AE-4B91-ABB3-4708AE3DB19E}"
EndProject
Project("{2150E333-8FDC-42A3-9474-1A3956D46DE8}") = "BM.Domain", "BM.Domain", "{F73D459E-8249-4070-98BF-9A1A0F1D2DBA}"
EndProject
Project("{2150E333-8FDC-42A3-9474-1A3956D46DE8}") = "BM.Infrastracture", "BM.Infrastracture", "{4C050DDD-4B14-407E-92BE-3F949D2C348F}"
EndProject
Project("{9A19103F-16F7-4668-BE54-9A1E7A4F7556}") = "BlogManagement.Application", "BlogManagment.Application\BlogManagement.Application.csproj", "{2A0BF297-5701-4199-AF6E-715067C4F305}"
EndProject
Project("{9A19103F-16F7-4668-BE54-9A1E7A4F7556}") = "BlogManagement.Application.Contracts", "BlogManagement.Application.Contract\BlogManagement.Application.Contracts.csproj", "{8C1BF58E-9C75-4D9F-8F8E-CC95244A0EBA}"
EndProject
Project("{9A19103F-16F7-4668-BE54-9A1E7A4F7556}") = "BlogManagement.Domain", "BlogManagement.Domain\BlogManagement.Domain.csproj", "{9081DAF9-58A1-435F-82C3-2865B25F5556}"
EndProject
Project("{9A19103F-16F7-4668-BE54-9A1E7A4F7556}") = "BlogManagement.Infrastructure.EFCore", "BlogManagement.Inrastrcture\BlogManagement.Infrastructure.EFCore.csproj", "{2B85A33F-C7FE-4F37-8DE9-25F0D0D0B7E2}"
EndProject
Project("{9A19103F-16F7-4668-BE54-9A1E7A4F7556}") = "BlogManagement.Infrastructure.Configuration", "BlogManagement.Configoration\BlogManagement.Infrastructure.Configuration.csproj", "{5FD5D61C-060F-49AB-B95D-895FE85181DF}"
EndProject
Project("{2150E333-8FDC-42A3-9474-1A3956D46DE8}") = "CommentManagement", "CommentManagement", "{4B2535DA-718E-4454-A960-1FEACF194CD8}"
EndProject
Project("{2150E333-8FDC-42A3-9474-1A3956D46DE8}") = "CM.Doamain", "CM.Doamain", "{97036263-9CAF-4186-BE02-55DE14BC2BBC}"
EndProject
Project("{9A19103F-16F7-4668-BE54-9A1E7A4F7556}") = "CommentManagement.Domain", "CommentManagement.Domain\CommentManagement.Domain.csproj", "{93293B47-A495-4882-80A8-5071DFC57493}"
EndProject
Project("{2150E333-8FDC-42A3-9474-1A3956D46DE8}") = "CM.Application", "CM.Application", "{7EA6C258-E813-4D83-89EF-702C768DE0CA}"
EndProject
Project("{9A19103F-16F7-4668-BE54-9A1E7A4F7556}") = "CommentManagement.Application.Contract", "CommentManegement.Application.Contract\CommentManagement.Application.Contract.csproj", "{57540BF8-F893-4F2B-902D-3070CD0A2801}"
EndProject
Project("{9A19103F-16F7-4668-BE54-9A1E7A4F7556}") = "CommentManagement.Application", "CommentManagement.Application\CommentManagement.Application.csproj", "{E092E0AD-D381-417A-92EF-EB5E22B3ABBF}"
EndProject
Project("{2150E333-8FDC-42A3-9474-1A3956D46DE8}") = "CM.Infrastructure", "CM.Infrastructure", "{4E0519BC-2761-4DD1-8077-12AFCB3EAFAB}"
EndProject
Project("{9A19103F-16F7-4668-BE54-9A1E7A4F7556}") = "CommentManagement.Infrastructure.EFCore", "CommentManagement.Infrastructure.EFCore\CommentManagement.Infrastructure.EFCore.csproj", "{6BD06DB8-A970-4D03-9BCC-C11194F10F97}"
EndProject
Project("{9A19103F-16F7-4668-BE54-9A1E7A4F7556}") = "CommentManagement.Infrastructure.Configuration", "CommentManagement.Infrastructure.Configuration\CommentManagement.Infrastructure.Configuration.csproj", "{2CD8CD90-BC8E-4923-A827-E000B99AE4D8}"
EndProject
Project("{9A19103F-16F7-4668-BE54-9A1E7A4F7556}") = "ShopManagement.Infrastructure.Configuration", "ShopManagement.Infrastructure.Configuration\ShopManagement.Infrastructure.Configuration.csproj", "{F35A7B45-DB6E-4311-937D-40B32E8BC5E6}"
EndProject
Project("{2150E333-8FDC-42A3-9474-1A3956D46DE8}") = "AccountMnagement", "AccountMnagement", "{D56AE9B6-2E53-42F2-B4FE-83D726637989}"
EndProject
Project("{9A19103F-16F7-4668-BE54-9A1E7A4F7556}") = "AccountManagement.Domain", "AccountManagement.Domain\AccountManagement.Domain.csproj", "{95C1F45A-E87C-4655-8EE6-AF8FB716D9E7}"
EndProject
Project("{2150E333-8FDC-42A3-9474-1A3956D46DE8}") = "AM.Domain", "AM.Domain", "{D34353EE-7AE8-4DBF-BD77-D368033C298C}"
EndProject
Project("{2150E333-8FDC-42A3-9474-1A3956D46DE8}") = "AM.Application", "AM.Application", "{E0B2F7F2-A52A-47F6-A71B-87AD3DCA689E}"
EndProject
Project("{9A19103F-16F7-4668-BE54-9A1E7A4F7556}") = "AccountManagement.Application.Contract", "AccountManagement.Application.Contract\AccountManagement.Application.Contract.csproj", "{5219B499-E327-4231-AEC6-0F0ADD9A7189}"
EndProject
Project("{9A19103F-16F7-4668-BE54-9A1E7A4F7556}") = "AccountManagement.Application", "AccountManagement.Application\AccountManagement.Application.csproj", "{7E8E8515-3216-4D9B-AA6A-FBCD05641A9F}"
EndProject
Project("{2150E333-8FDC-42A3-9474-1A3956D46DE8}") = "Am.Infrastructure", "Am.Infrastructure", "{BE3FE75A-E1FD-4313-8BB3-0305D17022A0}"
EndProject
Project("{9A19103F-16F7-4668-BE54-9A1E7A4F7556}") = "AccountManagement.Infrastructure.EFCore", "AccountManagement.Infrastructure.EFCore\AccountManagement.Infrastructure.EFCore.csproj", "{2EACDA2F-5154-4DAD-AD75-E785340E7A1B}"
EndProject
Project("{9A19103F-16F7-4668-BE54-9A1E7A4F7556}") = "AccountManagement.Infrastructure.Configuration", "AccountManagement.Infrastructure.Configuration\AccountManagement.Infrastructure.Configuration.csproj", "{A163DA09-044F-48DB-B1AF-DD1ABBB7AF03}"
EndProject
Project("{2150E333-8FDC-42A3-9474-1A3956D46DE8}") = "SM.Presentation", "SM.Presentation", "{B8785121-BD4C-4C6E-8F4B-9D6DD6D05BF8}"
EndProject
Project("{FAE04EC0-301F-11D3-BF4B-00C04F79EFBC}") = "ShopManagement.Presentation.Api", "ShopMangement.Presentation.Api\ShopManagement.Presentation.Api.csproj", "{1BA69A58-EFF2-4360-A545-CDBF71147A4D}"
EndProject
Project("{2150E333-8FDC-42A3-9474-1A3956D46DE8}") = "IM.Presentation", "IM.Presentation", "{EE1A473E-44BA-4456-A805-0099E1D96DEB}"
EndProject
Project("{FAE04EC0-301F-11D3-BF4B-00C04F79EFBC}") = "InventoryManagement.Presentation.Api", "InventoryManagement.Presentation.Api\InventoryManagement.Presentation.Api.csproj", "{032DFDAA-B9F5-4F8F-BC18-5062D9F90E73}"
EndProject
Global
	GlobalSection(SolutionConfigurationPlatforms) = preSolution
		Debug|Any CPU = Debug|Any CPU
		Release|Any CPU = Release|Any CPU
	EndGlobalSection
	GlobalSection(ProjectConfigurationPlatforms) = postSolution
		{7E0F8853-6DD1-47F5-9858-B0DF25E84A70}.Debug|Any CPU.ActiveCfg = Debug|Any CPU
		{7E0F8853-6DD1-47F5-9858-B0DF25E84A70}.Debug|Any CPU.Build.0 = Debug|Any CPU
		{7E0F8853-6DD1-47F5-9858-B0DF25E84A70}.Release|Any CPU.ActiveCfg = Release|Any CPU
		{7E0F8853-6DD1-47F5-9858-B0DF25E84A70}.Release|Any CPU.Build.0 = Release|Any CPU
		{D4254FB7-FC03-4161-A482-7B4E7C666919}.Debug|Any CPU.ActiveCfg = Debug|Any CPU
		{D4254FB7-FC03-4161-A482-7B4E7C666919}.Debug|Any CPU.Build.0 = Debug|Any CPU
		{D4254FB7-FC03-4161-A482-7B4E7C666919}.Release|Any CPU.ActiveCfg = Release|Any CPU
		{D4254FB7-FC03-4161-A482-7B4E7C666919}.Release|Any CPU.Build.0 = Release|Any CPU
		{83343774-2588-4A31-9121-1C28E3B801A6}.Debug|Any CPU.ActiveCfg = Debug|Any CPU
		{83343774-2588-4A31-9121-1C28E3B801A6}.Debug|Any CPU.Build.0 = Debug|Any CPU
		{83343774-2588-4A31-9121-1C28E3B801A6}.Release|Any CPU.ActiveCfg = Release|Any CPU
		{83343774-2588-4A31-9121-1C28E3B801A6}.Release|Any CPU.Build.0 = Release|Any CPU
		{7D83B473-CCBA-45A5-BC22-0D46E5FCA523}.Debug|Any CPU.ActiveCfg = Debug|Any CPU
		{7D83B473-CCBA-45A5-BC22-0D46E5FCA523}.Debug|Any CPU.Build.0 = Debug|Any CPU
		{7D83B473-CCBA-45A5-BC22-0D46E5FCA523}.Release|Any CPU.ActiveCfg = Release|Any CPU
		{7D83B473-CCBA-45A5-BC22-0D46E5FCA523}.Release|Any CPU.Build.0 = Release|Any CPU
		{FAA0A922-AA72-44B9-A355-0A824354C509}.Debug|Any CPU.ActiveCfg = Debug|Any CPU
		{FAA0A922-AA72-44B9-A355-0A824354C509}.Debug|Any CPU.Build.0 = Debug|Any CPU
		{FAA0A922-AA72-44B9-A355-0A824354C509}.Release|Any CPU.ActiveCfg = Release|Any CPU
		{FAA0A922-AA72-44B9-A355-0A824354C509}.Release|Any CPU.Build.0 = Release|Any CPU
		{82555A7D-7401-4ADA-AD1A-A821A16359BE}.Debug|Any CPU.ActiveCfg = Debug|Any CPU
		{82555A7D-7401-4ADA-AD1A-A821A16359BE}.Debug|Any CPU.Build.0 = Debug|Any CPU
		{82555A7D-7401-4ADA-AD1A-A821A16359BE}.Release|Any CPU.ActiveCfg = Release|Any CPU
		{82555A7D-7401-4ADA-AD1A-A821A16359BE}.Release|Any CPU.Build.0 = Release|Any CPU
		{C36548DE-5D58-4022-9B3E-12BC3311407A}.Debug|Any CPU.ActiveCfg = Debug|Any CPU
		{C36548DE-5D58-4022-9B3E-12BC3311407A}.Debug|Any CPU.Build.0 = Debug|Any CPU
		{C36548DE-5D58-4022-9B3E-12BC3311407A}.Release|Any CPU.ActiveCfg = Release|Any CPU
		{C36548DE-5D58-4022-9B3E-12BC3311407A}.Release|Any CPU.Build.0 = Release|Any CPU
		{9177A709-15AD-4E63-BBC1-7AE441AF0F6C}.Debug|Any CPU.ActiveCfg = Debug|Any CPU
		{9177A709-15AD-4E63-BBC1-7AE441AF0F6C}.Debug|Any CPU.Build.0 = Debug|Any CPU
		{9177A709-15AD-4E63-BBC1-7AE441AF0F6C}.Release|Any CPU.ActiveCfg = Release|Any CPU
		{9177A709-15AD-4E63-BBC1-7AE441AF0F6C}.Release|Any CPU.Build.0 = Release|Any CPU
		{BC5CB456-2543-4056-8EBD-D5810D81554C}.Debug|Any CPU.ActiveCfg = Debug|Any CPU
		{BC5CB456-2543-4056-8EBD-D5810D81554C}.Debug|Any CPU.Build.0 = Debug|Any CPU
		{BC5CB456-2543-4056-8EBD-D5810D81554C}.Release|Any CPU.ActiveCfg = Release|Any CPU
		{BC5CB456-2543-4056-8EBD-D5810D81554C}.Release|Any CPU.Build.0 = Release|Any CPU
		{F155DF96-9CD2-4C3F-8547-7A0C324B5919}.Debug|Any CPU.ActiveCfg = Debug|Any CPU
		{F155DF96-9CD2-4C3F-8547-7A0C324B5919}.Debug|Any CPU.Build.0 = Debug|Any CPU
		{F155DF96-9CD2-4C3F-8547-7A0C324B5919}.Release|Any CPU.ActiveCfg = Release|Any CPU
		{F155DF96-9CD2-4C3F-8547-7A0C324B5919}.Release|Any CPU.Build.0 = Release|Any CPU
		{86A61D55-EE3A-49ED-BCDC-9B503F3E2C55}.Debug|Any CPU.ActiveCfg = Debug|Any CPU
		{86A61D55-EE3A-49ED-BCDC-9B503F3E2C55}.Debug|Any CPU.Build.0 = Debug|Any CPU
		{86A61D55-EE3A-49ED-BCDC-9B503F3E2C55}.Release|Any CPU.ActiveCfg = Release|Any CPU
		{86A61D55-EE3A-49ED-BCDC-9B503F3E2C55}.Release|Any CPU.Build.0 = Release|Any CPU
		{4BEFDB1F-FAFD-45BE-A0CE-85BA175ACBFF}.Debug|Any CPU.ActiveCfg = Debug|Any CPU
		{4BEFDB1F-FAFD-45BE-A0CE-85BA175ACBFF}.Debug|Any CPU.Build.0 = Debug|Any CPU
		{4BEFDB1F-FAFD-45BE-A0CE-85BA175ACBFF}.Release|Any CPU.ActiveCfg = Release|Any CPU
		{4BEFDB1F-FAFD-45BE-A0CE-85BA175ACBFF}.Release|Any CPU.Build.0 = Release|Any CPU
		{613DFB0A-E380-45C7-8AED-B189EA32D9A9}.Debug|Any CPU.ActiveCfg = Debug|Any CPU
		{613DFB0A-E380-45C7-8AED-B189EA32D9A9}.Debug|Any CPU.Build.0 = Debug|Any CPU
		{613DFB0A-E380-45C7-8AED-B189EA32D9A9}.Release|Any CPU.ActiveCfg = Release|Any CPU
		{613DFB0A-E380-45C7-8AED-B189EA32D9A9}.Release|Any CPU.Build.0 = Release|Any CPU
		{8D445709-D703-4845-9B1F-B8BC6D1D911E}.Debug|Any CPU.ActiveCfg = Debug|Any CPU
		{8D445709-D703-4845-9B1F-B8BC6D1D911E}.Debug|Any CPU.Build.0 = Debug|Any CPU
		{8D445709-D703-4845-9B1F-B8BC6D1D911E}.Release|Any CPU.ActiveCfg = Release|Any CPU
		{8D445709-D703-4845-9B1F-B8BC6D1D911E}.Release|Any CPU.Build.0 = Release|Any CPU
		{634A0212-B5DD-411C-A084-2C8711E2A232}.Debug|Any CPU.ActiveCfg = Debug|Any CPU
		{634A0212-B5DD-411C-A084-2C8711E2A232}.Debug|Any CPU.Build.0 = Debug|Any CPU
		{634A0212-B5DD-411C-A084-2C8711E2A232}.Release|Any CPU.ActiveCfg = Release|Any CPU
		{634A0212-B5DD-411C-A084-2C8711E2A232}.Release|Any CPU.Build.0 = Release|Any CPU
		{1836B226-639B-403E-ACA6-A5B0A28C0628}.Debug|Any CPU.ActiveCfg = Debug|Any CPU
		{1836B226-639B-403E-ACA6-A5B0A28C0628}.Debug|Any CPU.Build.0 = Debug|Any CPU
		{1836B226-639B-403E-ACA6-A5B0A28C0628}.Release|Any CPU.ActiveCfg = Release|Any CPU
		{1836B226-639B-403E-ACA6-A5B0A28C0628}.Release|Any CPU.Build.0 = Release|Any CPU
		{9C59E3CB-4F26-451A-ACE4-3B1533A31119}.Debug|Any CPU.ActiveCfg = Debug|Any CPU
		{9C59E3CB-4F26-451A-ACE4-3B1533A31119}.Debug|Any CPU.Build.0 = Debug|Any CPU
		{9C59E3CB-4F26-451A-ACE4-3B1533A31119}.Release|Any CPU.ActiveCfg = Release|Any CPU
		{9C59E3CB-4F26-451A-ACE4-3B1533A31119}.Release|Any CPU.Build.0 = Release|Any CPU
		{2A0BF297-5701-4199-AF6E-715067C4F305}.Debug|Any CPU.ActiveCfg = Debug|Any CPU
		{2A0BF297-5701-4199-AF6E-715067C4F305}.Debug|Any CPU.Build.0 = Debug|Any CPU
		{2A0BF297-5701-4199-AF6E-715067C4F305}.Release|Any CPU.ActiveCfg = Release|Any CPU
		{2A0BF297-5701-4199-AF6E-715067C4F305}.Release|Any CPU.Build.0 = Release|Any CPU
		{8C1BF58E-9C75-4D9F-8F8E-CC95244A0EBA}.Debug|Any CPU.ActiveCfg = Debug|Any CPU
		{8C1BF58E-9C75-4D9F-8F8E-CC95244A0EBA}.Debug|Any CPU.Build.0 = Debug|Any CPU
		{8C1BF58E-9C75-4D9F-8F8E-CC95244A0EBA}.Release|Any CPU.ActiveCfg = Release|Any CPU
		{8C1BF58E-9C75-4D9F-8F8E-CC95244A0EBA}.Release|Any CPU.Build.0 = Release|Any CPU
		{9081DAF9-58A1-435F-82C3-2865B25F5556}.Debug|Any CPU.ActiveCfg = Debug|Any CPU
		{9081DAF9-58A1-435F-82C3-2865B25F5556}.Debug|Any CPU.Build.0 = Debug|Any CPU
		{9081DAF9-58A1-435F-82C3-2865B25F5556}.Release|Any CPU.ActiveCfg = Release|Any CPU
		{9081DAF9-58A1-435F-82C3-2865B25F5556}.Release|Any CPU.Build.0 = Release|Any CPU
		{2B85A33F-C7FE-4F37-8DE9-25F0D0D0B7E2}.Debug|Any CPU.ActiveCfg = Debug|Any CPU
		{2B85A33F-C7FE-4F37-8DE9-25F0D0D0B7E2}.Debug|Any CPU.Build.0 = Debug|Any CPU
		{2B85A33F-C7FE-4F37-8DE9-25F0D0D0B7E2}.Release|Any CPU.ActiveCfg = Release|Any CPU
		{2B85A33F-C7FE-4F37-8DE9-25F0D0D0B7E2}.Release|Any CPU.Build.0 = Release|Any CPU
		{5FD5D61C-060F-49AB-B95D-895FE85181DF}.Debug|Any CPU.ActiveCfg = Debug|Any CPU
		{5FD5D61C-060F-49AB-B95D-895FE85181DF}.Debug|Any CPU.Build.0 = Debug|Any CPU
		{5FD5D61C-060F-49AB-B95D-895FE85181DF}.Release|Any CPU.ActiveCfg = Release|Any CPU
		{5FD5D61C-060F-49AB-B95D-895FE85181DF}.Release|Any CPU.Build.0 = Release|Any CPU
		{93293B47-A495-4882-80A8-5071DFC57493}.Debug|Any CPU.ActiveCfg = Debug|Any CPU
		{93293B47-A495-4882-80A8-5071DFC57493}.Debug|Any CPU.Build.0 = Debug|Any CPU
		{93293B47-A495-4882-80A8-5071DFC57493}.Release|Any CPU.ActiveCfg = Release|Any CPU
		{93293B47-A495-4882-80A8-5071DFC57493}.Release|Any CPU.Build.0 = Release|Any CPU
		{57540BF8-F893-4F2B-902D-3070CD0A2801}.Debug|Any CPU.ActiveCfg = Debug|Any CPU
		{57540BF8-F893-4F2B-902D-3070CD0A2801}.Debug|Any CPU.Build.0 = Debug|Any CPU
		{57540BF8-F893-4F2B-902D-3070CD0A2801}.Release|Any CPU.ActiveCfg = Release|Any CPU
		{57540BF8-F893-4F2B-902D-3070CD0A2801}.Release|Any CPU.Build.0 = Release|Any CPU
		{E092E0AD-D381-417A-92EF-EB5E22B3ABBF}.Debug|Any CPU.ActiveCfg = Debug|Any CPU
		{E092E0AD-D381-417A-92EF-EB5E22B3ABBF}.Debug|Any CPU.Build.0 = Debug|Any CPU
		{E092E0AD-D381-417A-92EF-EB5E22B3ABBF}.Release|Any CPU.ActiveCfg = Release|Any CPU
		{E092E0AD-D381-417A-92EF-EB5E22B3ABBF}.Release|Any CPU.Build.0 = Release|Any CPU
		{6BD06DB8-A970-4D03-9BCC-C11194F10F97}.Debug|Any CPU.ActiveCfg = Debug|Any CPU
		{6BD06DB8-A970-4D03-9BCC-C11194F10F97}.Debug|Any CPU.Build.0 = Debug|Any CPU
		{6BD06DB8-A970-4D03-9BCC-C11194F10F97}.Release|Any CPU.ActiveCfg = Release|Any CPU
		{6BD06DB8-A970-4D03-9BCC-C11194F10F97}.Release|Any CPU.Build.0 = Release|Any CPU
		{2CD8CD90-BC8E-4923-A827-E000B99AE4D8}.Debug|Any CPU.ActiveCfg = Debug|Any CPU
		{2CD8CD90-BC8E-4923-A827-E000B99AE4D8}.Debug|Any CPU.Build.0 = Debug|Any CPU
		{2CD8CD90-BC8E-4923-A827-E000B99AE4D8}.Release|Any CPU.ActiveCfg = Release|Any CPU
		{2CD8CD90-BC8E-4923-A827-E000B99AE4D8}.Release|Any CPU.Build.0 = Release|Any CPU
		{F35A7B45-DB6E-4311-937D-40B32E8BC5E6}.Debug|Any CPU.ActiveCfg = Debug|Any CPU
		{F35A7B45-DB6E-4311-937D-40B32E8BC5E6}.Debug|Any CPU.Build.0 = Debug|Any CPU
		{F35A7B45-DB6E-4311-937D-40B32E8BC5E6}.Release|Any CPU.ActiveCfg = Release|Any CPU
		{F35A7B45-DB6E-4311-937D-40B32E8BC5E6}.Release|Any CPU.Build.0 = Release|Any CPU
		{95C1F45A-E87C-4655-8EE6-AF8FB716D9E7}.Debug|Any CPU.ActiveCfg = Debug|Any CPU
		{95C1F45A-E87C-4655-8EE6-AF8FB716D9E7}.Debug|Any CPU.Build.0 = Debug|Any CPU
		{95C1F45A-E87C-4655-8EE6-AF8FB716D9E7}.Release|Any CPU.ActiveCfg = Release|Any CPU
		{95C1F45A-E87C-4655-8EE6-AF8FB716D9E7}.Release|Any CPU.Build.0 = Release|Any CPU
		{5219B499-E327-4231-AEC6-0F0ADD9A7189}.Debug|Any CPU.ActiveCfg = Debug|Any CPU
		{5219B499-E327-4231-AEC6-0F0ADD9A7189}.Debug|Any CPU.Build.0 = Debug|Any CPU
		{5219B499-E327-4231-AEC6-0F0ADD9A7189}.Release|Any CPU.ActiveCfg = Release|Any CPU
		{5219B499-E327-4231-AEC6-0F0ADD9A7189}.Release|Any CPU.Build.0 = Release|Any CPU
		{7E8E8515-3216-4D9B-AA6A-FBCD05641A9F}.Debug|Any CPU.ActiveCfg = Debug|Any CPU
		{7E8E8515-3216-4D9B-AA6A-FBCD05641A9F}.Debug|Any CPU.Build.0 = Debug|Any CPU
		{7E8E8515-3216-4D9B-AA6A-FBCD05641A9F}.Release|Any CPU.ActiveCfg = Release|Any CPU
		{7E8E8515-3216-4D9B-AA6A-FBCD05641A9F}.Release|Any CPU.Build.0 = Release|Any CPU
		{2EACDA2F-5154-4DAD-AD75-E785340E7A1B}.Debug|Any CPU.ActiveCfg = Debug|Any CPU
		{2EACDA2F-5154-4DAD-AD75-E785340E7A1B}.Debug|Any CPU.Build.0 = Debug|Any CPU
		{2EACDA2F-5154-4DAD-AD75-E785340E7A1B}.Release|Any CPU.ActiveCfg = Release|Any CPU
		{2EACDA2F-5154-4DAD-AD75-E785340E7A1B}.Release|Any CPU.Build.0 = Release|Any CPU
		{A163DA09-044F-48DB-B1AF-DD1ABBB7AF03}.Debug|Any CPU.ActiveCfg = Debug|Any CPU
		{A163DA09-044F-48DB-B1AF-DD1ABBB7AF03}.Debug|Any CPU.Build.0 = Debug|Any CPU
		{A163DA09-044F-48DB-B1AF-DD1ABBB7AF03}.Release|Any CPU.ActiveCfg = Release|Any CPU
		{A163DA09-044F-48DB-B1AF-DD1ABBB7AF03}.Release|Any CPU.Build.0 = Release|Any CPU
		{1BA69A58-EFF2-4360-A545-CDBF71147A4D}.Debug|Any CPU.ActiveCfg = Debug|Any CPU
		{1BA69A58-EFF2-4360-A545-CDBF71147A4D}.Debug|Any CPU.Build.0 = Debug|Any CPU
		{1BA69A58-EFF2-4360-A545-CDBF71147A4D}.Release|Any CPU.ActiveCfg = Release|Any CPU
		{1BA69A58-EFF2-4360-A545-CDBF71147A4D}.Release|Any CPU.Build.0 = Release|Any CPU
		{032DFDAA-B9F5-4F8F-BC18-5062D9F90E73}.Debug|Any CPU.ActiveCfg = Debug|Any CPU
		{032DFDAA-B9F5-4F8F-BC18-5062D9F90E73}.Debug|Any CPU.Build.0 = Debug|Any CPU
		{032DFDAA-B9F5-4F8F-BC18-5062D9F90E73}.Release|Any CPU.ActiveCfg = Release|Any CPU
		{032DFDAA-B9F5-4F8F-BC18-5062D9F90E73}.Release|Any CPU.Build.0 = Release|Any CPU
	EndGlobalSection
	GlobalSection(SolutionProperties) = preSolution
		HideSolutionNode = FALSE
	EndGlobalSection
	GlobalSection(NestedProjects) = preSolution
		{6BAEBA1E-2F48-43C6-A386-416319DD5521} = {B49D556F-8108-435B-9E7D-5DEF961E47F1}
		{7E0F8853-6DD1-47F5-9858-B0DF25E84A70} = {6BAEBA1E-2F48-43C6-A386-416319DD5521}
		{26B0F924-054A-4067-BC23-E430E78665DB} = {B49D556F-8108-435B-9E7D-5DEF961E47F1}
		{83343774-2588-4A31-9121-1C28E3B801A6} = {26B0F924-054A-4067-BC23-E430E78665DB}
		{7D83B473-CCBA-45A5-BC22-0D46E5FCA523} = {26B0F924-054A-4067-BC23-E430E78665DB}
		{BF1F3108-BCAA-41D4-904C-E3781A279599} = {B49D556F-8108-435B-9E7D-5DEF961E47F1}
		{FAA0A922-AA72-44B9-A355-0A824354C509} = {BF1F3108-BCAA-41D4-904C-E3781A279599}
		{E9563124-2464-49ED-94AD-80C3D61AEEDE} = {F7C1DAB3-B01E-4EAE-A95C-96C630C43D9B}
		{B45865AE-D338-43C7-A99A-0472249BDCDD} = {F7C1DAB3-B01E-4EAE-A95C-96C630C43D9B}
		{52A80E91-96F5-42C3-AFF4-81C30B7CE258} = {F7C1DAB3-B01E-4EAE-A95C-96C630C43D9B}
		{9177A709-15AD-4E63-BBC1-7AE441AF0F6C} = {E9563124-2464-49ED-94AD-80C3D61AEEDE}
		{BC5CB456-2543-4056-8EBD-D5810D81554C} = {B45865AE-D338-43C7-A99A-0472249BDCDD}
		{F155DF96-9CD2-4C3F-8547-7A0C324B5919} = {B45865AE-D338-43C7-A99A-0472249BDCDD}
		{86A61D55-EE3A-49ED-BCDC-9B503F3E2C55} = {52A80E91-96F5-42C3-AFF4-81C30B7CE258}
		{4BEFDB1F-FAFD-45BE-A0CE-85BA175ACBFF} = {52A80E91-96F5-42C3-AFF4-81C30B7CE258}
		{933128E8-1E7E-416D-BCDD-9D7548E6DABB} = {1D8D05E0-5021-4B0A-80E2-06BD97546545}
		{613DFB0A-E380-45C7-8AED-B189EA32D9A9} = {933128E8-1E7E-416D-BCDD-9D7548E6DABB}
		{8C7C14AE-40D2-48BA-AC28-097C3C18E6CE} = {1D8D05E0-5021-4B0A-80E2-06BD97546545}
		{8D445709-D703-4845-9B1F-B8BC6D1D911E} = {8C7C14AE-40D2-48BA-AC28-097C3C18E6CE}
		{634A0212-B5DD-411C-A084-2C8711E2A232} = {8C7C14AE-40D2-48BA-AC28-097C3C18E6CE}
		{74C0AD53-E24A-4793-A198-4CC59799D2D5} = {1D8D05E0-5021-4B0A-80E2-06BD97546545}
		{1836B226-639B-403E-ACA6-A5B0A28C0628} = {74C0AD53-E24A-4793-A198-4CC59799D2D5}
		{9C59E3CB-4F26-451A-ACE4-3B1533A31119} = {74C0AD53-E24A-4793-A198-4CC59799D2D5}
		{4C3D947C-84AE-4B91-ABB3-4708AE3DB19E} = {E6684832-0AE1-447C-ABDD-969BAB216C47}
		{F73D459E-8249-4070-98BF-9A1A0F1D2DBA} = {E6684832-0AE1-447C-ABDD-969BAB216C47}
		{4C050DDD-4B14-407E-92BE-3F949D2C348F} = {E6684832-0AE1-447C-ABDD-969BAB216C47}
		{2A0BF297-5701-4199-AF6E-715067C4F305} = {4C3D947C-84AE-4B91-ABB3-4708AE3DB19E}
		{8C1BF58E-9C75-4D9F-8F8E-CC95244A0EBA} = {4C3D947C-84AE-4B91-ABB3-4708AE3DB19E}
		{9081DAF9-58A1-435F-82C3-2865B25F5556} = {F73D459E-8249-4070-98BF-9A1A0F1D2DBA}
		{2B85A33F-C7FE-4F37-8DE9-25F0D0D0B7E2} = {4C050DDD-4B14-407E-92BE-3F949D2C348F}
		{5FD5D61C-060F-49AB-B95D-895FE85181DF} = {4C050DDD-4B14-407E-92BE-3F949D2C348F}
		{97036263-9CAF-4186-BE02-55DE14BC2BBC} = {4B2535DA-718E-4454-A960-1FEACF194CD8}
		{93293B47-A495-4882-80A8-5071DFC57493} = {97036263-9CAF-4186-BE02-55DE14BC2BBC}
		{7EA6C258-E813-4D83-89EF-702C768DE0CA} = {4B2535DA-718E-4454-A960-1FEACF194CD8}
		{57540BF8-F893-4F2B-902D-3070CD0A2801} = {7EA6C258-E813-4D83-89EF-702C768DE0CA}
		{E092E0AD-D381-417A-92EF-EB5E22B3ABBF} = {7EA6C258-E813-4D83-89EF-702C768DE0CA}
		{4E0519BC-2761-4DD1-8077-12AFCB3EAFAB} = {4B2535DA-718E-4454-A960-1FEACF194CD8}
		{6BD06DB8-A970-4D03-9BCC-C11194F10F97} = {4E0519BC-2761-4DD1-8077-12AFCB3EAFAB}
		{2CD8CD90-BC8E-4923-A827-E000B99AE4D8} = {4E0519BC-2761-4DD1-8077-12AFCB3EAFAB}
		{F35A7B45-DB6E-4311-937D-40B32E8BC5E6} = {BF1F3108-BCAA-41D4-904C-E3781A279599}
		{95C1F45A-E87C-4655-8EE6-AF8FB716D9E7} = {D34353EE-7AE8-4DBF-BD77-D368033C298C}
		{D34353EE-7AE8-4DBF-BD77-D368033C298C} = {D56AE9B6-2E53-42F2-B4FE-83D726637989}
		{E0B2F7F2-A52A-47F6-A71B-87AD3DCA689E} = {D56AE9B6-2E53-42F2-B4FE-83D726637989}
		{5219B499-E327-4231-AEC6-0F0ADD9A7189} = {E0B2F7F2-A52A-47F6-A71B-87AD3DCA689E}
		{7E8E8515-3216-4D9B-AA6A-FBCD05641A9F} = {E0B2F7F2-A52A-47F6-A71B-87AD3DCA689E}
		{BE3FE75A-E1FD-4313-8BB3-0305D17022A0} = {D56AE9B6-2E53-42F2-B4FE-83D726637989}
		{2EACDA2F-5154-4DAD-AD75-E785340E7A1B} = {BE3FE75A-E1FD-4313-8BB3-0305D17022A0}
		{A163DA09-044F-48DB-B1AF-DD1ABBB7AF03} = {BE3FE75A-E1FD-4313-8BB3-0305D17022A0}
		{B8785121-BD4C-4C6E-8F4B-9D6DD6D05BF8} = {B49D556F-8108-435B-9E7D-5DEF961E47F1}
		{1BA69A58-EFF2-4360-A545-CDBF71147A4D} = {B8785121-BD4C-4C6E-8F4B-9D6DD6D05BF8}
		{EE1A473E-44BA-4456-A805-0099E1D96DEB} = {1D8D05E0-5021-4B0A-80E2-06BD97546545}
		{032DFDAA-B9F5-4F8F-BC18-5062D9F90E73} = {EE1A473E-44BA-4456-A805-0099E1D96DEB}
	EndGlobalSection
	GlobalSection(ExtensibilityGlobals) = postSolution
		SolutionGuid = {9C61AE8E-7AB4-4F95-9756-CEB18FA860C7}
	EndGlobalSection
EndGlobal
