
Microsoft Visual Studio Solution File, Format Version 12.00
# Visual Studio Version 16
VisualStudioVersion = 16.0.31105.61
MinimumVisualStudioVersion = 10.0.40219.1
Project("{2150E333-8FDC-42A3-9474-1A3956D46DE8}") = "ShopManagement", "ShopManagement", "{B49D556F-8108-435B-9E7D-5DEF961E47F1}"
EndProject
Project("{2150E333-8FDC-42A3-9474-1A3956D46DE8}") = "SM.Domain", "SM.Domain", "{6BAEBA1E-2F48-43C6-A386-416319DD5521}"
EndProject
Project("{9A19103F-16F7-4668-BE54-9A1E7A4F7556}") = "ShopManagement.Domain", "ShopManagement.Domain\ShopManagement.Domain.csproj", "{7E0F8853-6DD1-47F5-9858-B0DF25E84A70}"
EndProject
Project("{9A19103F-16F7-4668-BE54-9A1E7A4F7556}") = "0_Framework", "0_Framwork\0_Framework.csproj", "{D4254FB7-FC03-4161-A482-7B4E7C666919}"
EndProject
Project("{2150E333-8FDC-42A3-9474-1A3956D46DE8}") = "SM.Application", "SM.Application", "{26B0F924-054A-4067-BC23-E430E78665DB}"
EndProject
Project("{9A19103F-16F7-4668-BE54-9A1E7A4F7556}") = "ShopManagement.Application.Contracts", "ShopManagement.Application.Contracts\ShopManagement.Application.Contracts.csproj", "{83343774-2588-4A31-9121-1C28E3B801A6}"
EndProject
Project("{9A19103F-16F7-4668-BE54-9A1E7A4F7556}") = "ShopManagement.Application", "ShopMangement.Application\ShopManagement.Application.csproj", "{7D83B473-CCBA-45A5-BC22-0D46E5FCA523}"
EndProject
Project("{2150E333-8FDC-42A3-9474-1A3956D46DE8}") = "SM.Infrastructure", "SM.Infrastructure", "{BF1F3108-BCAA-41D4-904C-E3781A279599}"
EndProject
Project("{9A19103F-16F7-4668-BE54-9A1E7A4F7556}") = "Shopmanagement.infrastructure.EFCore", "Shopmanagement.infrastructure.EFCore\Shopmanagement.infrastructure.EFCore.csproj", "{FAA0A922-AA72-44B9-A355-0A824354C509}"
EndProject
Project("{9A19103F-16F7-4668-BE54-9A1E7A4F7556}") = "ShopManagement.Configuration", "ShopManagement.Configuration\ShopManagement.Configuration.csproj", "{82AEC411-BFCB-4391-8CD1-E624F1DA504B}"
EndProject
Project("{9A19103F-16F7-4668-BE54-9A1E7A4F7556}") = "ServiceHost", "ServiceHost\ServiceHost.csproj", "{82555A7D-7401-4ADA-AD1A-A821A16359BE}"
EndProject
Project("{9A19103F-16F7-4668-BE54-9A1E7A4F7556}") = "01_LampShadeQuery", "01_LampShadeQuery\01_LampShadeQuery.csproj", "{C36548DE-5D58-4022-9B3E-12BC3311407A}"
EndProject
Project("{2150E333-8FDC-42A3-9474-1A3956D46DE8}") = "DisCountManagement", "DisCountManagement", "{F7C1DAB3-B01E-4EAE-A95C-96C630C43D9B}"
EndProject
Project("{2150E333-8FDC-42A3-9474-1A3956D46DE8}") = "DM.Domain", "DM.Domain", "{E9563124-2464-49ED-94AD-80C3D61AEEDE}"
EndProject
Project("{2150E333-8FDC-42A3-9474-1A3956D46DE8}") = "DM.Application", "DM.Application", "{B45865AE-D338-43C7-A99A-0472249BDCDD}"
EndProject
Project("{2150E333-8FDC-42A3-9474-1A3956D46DE8}") = "DM.Infrastructure", "DM.Infrastructure", "{52A80E91-96F5-42C3-AFF4-81C30B7CE258}"
EndProject
Project("{9A19103F-16F7-4668-BE54-9A1E7A4F7556}") = "DiscountManagement.Domain", "DiscountManagement.Domain\DiscountManagement.Domain.csproj", "{9177A709-15AD-4E63-BBC1-7AE441AF0F6C}"
EndProject
Project("{9A19103F-16F7-4668-BE54-9A1E7A4F7556}") = "DiscountManagement.Application.Contract", "DiscountMangement.Application.Contract\DiscountManagement.Application.Contract.csproj", "{BC5CB456-2543-4056-8EBD-D5810D81554C}"
EndProject
Project("{9A19103F-16F7-4668-BE54-9A1E7A4F7556}") = "DiscountManagement.Application", "DiscountManagement.Application\DiscountManagement.Application.csproj", "{F155DF96-9CD2-4C3F-8547-7A0C324B5919}"
EndProject
Project("{9A19103F-16F7-4668-BE54-9A1E7A4F7556}") = "DiscountManagement.Infrastructure.EFCore", "DiscountManagement.Infrastructur.EFCore\DiscountManagement.Infrastructure.EFCore.csproj", "{86A61D55-EE3A-49ED-BCDC-9B503F3E2C55}"
EndProject
Project("{9A19103F-16F7-4668-BE54-9A1E7A4F7556}") = "DiscountManagement.Configuration", "DiscountManagement.Configuration\DiscountManagement.Configuration.csproj", "{4BEFDB1F-FAFD-45BE-A0CE-85BA175ACBFF}"
EndProject
Project("{2150E333-8FDC-42A3-9474-1A3956D46DE8}") = "InventoryManagment", "InventoryManagment", "{1D8D05E0-5021-4B0A-80E2-06BD97546545}"
EndProject
Project("{2150E333-8FDC-42A3-9474-1A3956D46DE8}") = "IM.Domain", "IM.Domain", "{933128E8-1E7E-416D-BCDD-9D7548E6DABB}"
EndProject
Project("{9A19103F-16F7-4668-BE54-9A1E7A4F7556}") = "InventoryManagement.Domain", "InventoryManagment.Domain\InventoryManagement.Domain.csproj", "{613DFB0A-E380-45C7-8AED-B189EA32D9A9}"
EndProject
Project("{2150E333-8FDC-42A3-9474-1A3956D46DE8}") = "IM.Application", "IM.Application", "{8C7C14AE-40D2-48BA-AC28-097C3C18E6CE}"
EndProject
Project("{9A19103F-16F7-4668-BE54-9A1E7A4F7556}") = "InventoryManagement.Application.Contract", "InvetoryManagement.Application.Contract\InventoryManagement.Application.Contract.csproj", "{8D445709-D703-4845-9B1F-B8BC6D1D911E}"
EndProject
Project("{9A19103F-16F7-4668-BE54-9A1E7A4F7556}") = "InventoryManagement.Application", "InvetoryManagement.Application\InventoryManagement.Application.csproj", "{634A0212-B5DD-411C-A084-2C8711E2A232}"
EndProject
Project("{2150E333-8FDC-42A3-9474-1A3956D46DE8}") = "IM.Infrastructure", "IM.Infrastructure", "{74C0AD53-E24A-4793-A198-4CC59799D2D5}"
EndProject
Project("{9A19103F-16F7-4668-BE54-9A1E7A4F7556}") = "InventoryManagement.Infrastructure.EFCore", "InventoryManagement.infrastructore.EFCore\InventoryManagement.Infrastructure.EFCore.csproj", "{1836B226-639B-403E-ACA6-A5B0A28C0628}"
EndProject
Project("{9A19103F-16F7-4668-BE54-9A1E7A4F7556}") = "InventoryManagement.Infrastructure.Configuration", "InventoryMnagement.Infrastructore.Configoration\InventoryManagement.Infrastructure.Configuration.csproj", "{9C59E3CB-4F26-451A-ACE4-3B1533A31119}"
EndProject
Global
	GlobalSection(SolutionConfigurationPlatforms) = preSolution
		Debug|Any CPU = Debug|Any CPU
		Release|Any CPU = Release|Any CPU
	EndGlobalSection
	GlobalSection(ProjectConfigurationPlatforms) = postSolution
		{7E0F8853-6DD1-47F5-9858-B0DF25E84A70}.Debug|Any CPU.ActiveCfg = Debug|Any CPU
		{7E0F8853-6DD1-47F5-9858-B0DF25E84A70}.Debug|Any CPU.Build.0 = Debug|Any CPU
		{7E0F8853-6DD1-47F5-9858-B0DF25E84A70}.Release|Any CPU.ActiveCfg = Release|Any CPU
		{7E0F8853-6DD1-47F5-9858-B0DF25E84A70}.Release|Any CPU.Build.0 = Release|Any CPU
		{D4254FB7-FC03-4161-A482-7B4E7C666919}.Debug|Any CPU.ActiveCfg = Debug|Any CPU
		{D4254FB7-FC03-4161-A482-7B4E7C666919}.Debug|Any CPU.Build.0 = Debug|Any CPU
		{D4254FB7-FC03-4161-A482-7B4E7C666919}.Release|Any CPU.ActiveCfg = Release|Any CPU
		{D4254FB7-FC03-4161-A482-7B4E7C666919}.Release|Any CPU.Build.0 = Release|Any CPU
		{83343774-2588-4A31-9121-1C28E3B801A6}.Debug|Any CPU.ActiveCfg = Debug|Any CPU
		{83343774-2588-4A31-9121-1C28E3B801A6}.Debug|Any CPU.Build.0 = Debug|Any CPU
		{83343774-2588-4A31-9121-1C28E3B801A6}.Release|Any CPU.ActiveCfg = Release|Any CPU
		{83343774-2588-4A31-9121-1C28E3B801A6}.Release|Any CPU.Build.0 = Release|Any CPU
		{7D83B473-CCBA-45A5-BC22-0D46E5FCA523}.Debug|Any CPU.ActiveCfg = Debug|Any CPU
		{7D83B473-CCBA-45A5-BC22-0D46E5FCA523}.Debug|Any CPU.Build.0 = Debug|Any CPU
		{7D83B473-CCBA-45A5-BC22-0D46E5FCA523}.Release|Any CPU.ActiveCfg = Release|Any CPU
		{7D83B473-CCBA-45A5-BC22-0D46E5FCA523}.Release|Any CPU.Build.0 = Release|Any CPU
		{FAA0A922-AA72-44B9-A355-0A824354C509}.Debug|Any CPU.ActiveCfg = Debug|Any CPU
		{FAA0A922-AA72-44B9-A355-0A824354C509}.Debug|Any CPU.Build.0 = Debug|Any CPU
		{FAA0A922-AA72-44B9-A355-0A824354C509}.Release|Any CPU.ActiveCfg = Release|Any CPU
		{FAA0A922-AA72-44B9-A355-0A824354C509}.Release|Any CPU.Build.0 = Release|Any CPU
		{82AEC411-BFCB-4391-8CD1-E624F1DA504B}.Debug|Any CPU.ActiveCfg = Debug|Any CPU
		{82AEC411-BFCB-4391-8CD1-E624F1DA504B}.Debug|Any CPU.Build.0 = Debug|Any CPU
		{82AEC411-BFCB-4391-8CD1-E624F1DA504B}.Release|Any CPU.ActiveCfg = Release|Any CPU
		{82AEC411-BFCB-4391-8CD1-E624F1DA504B}.Release|Any CPU.Build.0 = Release|Any CPU
		{82555A7D-7401-4ADA-AD1A-A821A16359BE}.Debug|Any CPU.ActiveCfg = Debug|Any CPU
		{82555A7D-7401-4ADA-AD1A-A821A16359BE}.Debug|Any CPU.Build.0 = Debug|Any CPU
		{82555A7D-7401-4ADA-AD1A-A821A16359BE}.Release|Any CPU.ActiveCfg = Release|Any CPU
		{82555A7D-7401-4ADA-AD1A-A821A16359BE}.Release|Any CPU.Build.0 = Release|Any CPU
		{C36548DE-5D58-4022-9B3E-12BC3311407A}.Debug|Any CPU.ActiveCfg = Debug|Any CPU
		{C36548DE-5D58-4022-9B3E-12BC3311407A}.Debug|Any CPU.Build.0 = Debug|Any CPU
		{C36548DE-5D58-4022-9B3E-12BC3311407A}.Release|Any CPU.ActiveCfg = Release|Any CPU
		{C36548DE-5D58-4022-9B3E-12BC3311407A}.Release|Any CPU.Build.0 = Release|Any CPU
		{9177A709-15AD-4E63-BBC1-7AE441AF0F6C}.Debug|Any CPU.ActiveCfg = Debug|Any CPU
		{9177A709-15AD-4E63-BBC1-7AE441AF0F6C}.Debug|Any CPU.Build.0 = Debug|Any CPU
		{9177A709-15AD-4E63-BBC1-7AE441AF0F6C}.Release|Any CPU.ActiveCfg = Release|Any CPU
		{9177A709-15AD-4E63-BBC1-7AE441AF0F6C}.Release|Any CPU.Build.0 = Release|Any CPU
		{BC5CB456-2543-4056-8EBD-D5810D81554C}.Debug|Any CPU.ActiveCfg = Debug|Any CPU
		{BC5CB456-2543-4056-8EBD-D5810D81554C}.Debug|Any CPU.Build.0 = Debug|Any CPU
		{BC5CB456-2543-4056-8EBD-D5810D81554C}.Release|Any CPU.ActiveCfg = Release|Any CPU
		{BC5CB456-2543-4056-8EBD-D5810D81554C}.Release|Any CPU.Build.0 = Release|Any CPU
		{F155DF96-9CD2-4C3F-8547-7A0C324B5919}.Debug|Any CPU.ActiveCfg = Debug|Any CPU
		{F155DF96-9CD2-4C3F-8547-7A0C324B5919}.Debug|Any CPU.Build.0 = Debug|Any CPU
		{F155DF96-9CD2-4C3F-8547-7A0C324B5919}.Release|Any CPU.ActiveCfg = Release|Any CPU
		{F155DF96-9CD2-4C3F-8547-7A0C324B5919}.Release|Any CPU.Build.0 = Release|Any CPU
		{86A61D55-EE3A-49ED-BCDC-9B503F3E2C55}.Debug|Any CPU.ActiveCfg = Debug|Any CPU
		{86A61D55-EE3A-49ED-BCDC-9B503F3E2C55}.Debug|Any CPU.Build.0 = Debug|Any CPU
		{86A61D55-EE3A-49ED-BCDC-9B503F3E2C55}.Release|Any CPU.ActiveCfg = Release|Any CPU
		{86A61D55-EE3A-49ED-BCDC-9B503F3E2C55}.Release|Any CPU.Build.0 = Release|Any CPU
		{4BEFDB1F-FAFD-45BE-A0CE-85BA175ACBFF}.Debug|Any CPU.ActiveCfg = Debug|Any CPU
		{4BEFDB1F-FAFD-45BE-A0CE-85BA175ACBFF}.Debug|Any CPU.Build.0 = Debug|Any CPU
		{4BEFDB1F-FAFD-45BE-A0CE-85BA175ACBFF}.Release|Any CPU.ActiveCfg = Release|Any CPU
		{4BEFDB1F-FAFD-45BE-A0CE-85BA175ACBFF}.Release|Any CPU.Build.0 = Release|Any CPU
		{613DFB0A-E380-45C7-8AED-B189EA32D9A9}.Debug|Any CPU.ActiveCfg = Debug|Any CPU
		{613DFB0A-E380-45C7-8AED-B189EA32D9A9}.Debug|Any CPU.Build.0 = Debug|Any CPU
		{613DFB0A-E380-45C7-8AED-B189EA32D9A9}.Release|Any CPU.ActiveCfg = Release|Any CPU
		{613DFB0A-E380-45C7-8AED-B189EA32D9A9}.Release|Any CPU.Build.0 = Release|Any CPU
		{8D445709-D703-4845-9B1F-B8BC6D1D911E}.Debug|Any CPU.ActiveCfg = Debug|Any CPU
		{8D445709-D703-4845-9B1F-B8BC6D1D911E}.Debug|Any CPU.Build.0 = Debug|Any CPU
		{8D445709-D703-4845-9B1F-B8BC6D1D911E}.Release|Any CPU.ActiveCfg = Release|Any CPU
		{8D445709-D703-4845-9B1F-B8BC6D1D911E}.Release|Any CPU.Build.0 = Release|Any CPU
		{634A0212-B5DD-411C-A084-2C8711E2A232}.Debug|Any CPU.ActiveCfg = Debug|Any CPU
		{634A0212-B5DD-411C-A084-2C8711E2A232}.Debug|Any CPU.Build.0 = Debug|Any CPU
		{634A0212-B5DD-411C-A084-2C8711E2A232}.Release|Any CPU.ActiveCfg = Release|Any CPU
		{634A0212-B5DD-411C-A084-2C8711E2A232}.Release|Any CPU.Build.0 = Release|Any CPU
		{1836B226-639B-403E-ACA6-A5B0A28C0628}.Debug|Any CPU.ActiveCfg = Debug|Any CPU
		{1836B226-639B-403E-ACA6-A5B0A28C0628}.Debug|Any CPU.Build.0 = Debug|Any CPU
		{1836B226-639B-403E-ACA6-A5B0A28C0628}.Release|Any CPU.ActiveCfg = Release|Any CPU
		{1836B226-639B-403E-ACA6-A5B0A28C0628}.Release|Any CPU.Build.0 = Release|Any CPU
		{9C59E3CB-4F26-451A-ACE4-3B1533A31119}.Debug|Any CPU.ActiveCfg = Debug|Any CPU
		{9C59E3CB-4F26-451A-ACE4-3B1533A31119}.Debug|Any CPU.Build.0 = Debug|Any CPU
		{9C59E3CB-4F26-451A-ACE4-3B1533A31119}.Release|Any CPU.ActiveCfg = Release|Any CPU
		{9C59E3CB-4F26-451A-ACE4-3B1533A31119}.Release|Any CPU.Build.0 = Release|Any CPU
	EndGlobalSection
	GlobalSection(SolutionProperties) = preSolution
		HideSolutionNode = FALSE
	EndGlobalSection
	GlobalSection(NestedProjects) = preSolution
		{6BAEBA1E-2F48-43C6-A386-416319DD5521} = {B49D556F-8108-435B-9E7D-5DEF961E47F1}
		{7E0F8853-6DD1-47F5-9858-B0DF25E84A70} = {6BAEBA1E-2F48-43C6-A386-416319DD5521}
		{26B0F924-054A-4067-BC23-E430E78665DB} = {B49D556F-8108-435B-9E7D-5DEF961E47F1}
		{83343774-2588-4A31-9121-1C28E3B801A6} = {26B0F924-054A-4067-BC23-E430E78665DB}
		{7D83B473-CCBA-45A5-BC22-0D46E5FCA523} = {26B0F924-054A-4067-BC23-E430E78665DB}
		{BF1F3108-BCAA-41D4-904C-E3781A279599} = {B49D556F-8108-435B-9E7D-5DEF961E47F1}
		{FAA0A922-AA72-44B9-A355-0A824354C509} = {BF1F3108-BCAA-41D4-904C-E3781A279599}
		{82AEC411-BFCB-4391-8CD1-E624F1DA504B} = {BF1F3108-BCAA-41D4-904C-E3781A279599}
		{E9563124-2464-49ED-94AD-80C3D61AEEDE} = {F7C1DAB3-B01E-4EAE-A95C-96C630C43D9B}
		{B45865AE-D338-43C7-A99A-0472249BDCDD} = {F7C1DAB3-B01E-4EAE-A95C-96C630C43D9B}
		{52A80E91-96F5-42C3-AFF4-81C30B7CE258} = {F7C1DAB3-B01E-4EAE-A95C-96C630C43D9B}
		{9177A709-15AD-4E63-BBC1-7AE441AF0F6C} = {E9563124-2464-49ED-94AD-80C3D61AEEDE}
		{BC5CB456-2543-4056-8EBD-D5810D81554C} = {B45865AE-D338-43C7-A99A-0472249BDCDD}
		{F155DF96-9CD2-4C3F-8547-7A0C324B5919} = {B45865AE-D338-43C7-A99A-0472249BDCDD}
		{86A61D55-EE3A-49ED-BCDC-9B503F3E2C55} = {52A80E91-96F5-42C3-AFF4-81C30B7CE258}
		{4BEFDB1F-FAFD-45BE-A0CE-85BA175ACBFF} = {52A80E91-96F5-42C3-AFF4-81C30B7CE258}
		{933128E8-1E7E-416D-BCDD-9D7548E6DABB} = {1D8D05E0-5021-4B0A-80E2-06BD97546545}
		{613DFB0A-E380-45C7-8AED-B189EA32D9A9} = {933128E8-1E7E-416D-BCDD-9D7548E6DABB}
		{8C7C14AE-40D2-48BA-AC28-097C3C18E6CE} = {1D8D05E0-5021-4B0A-80E2-06BD97546545}
		{8D445709-D703-4845-9B1F-B8BC6D1D911E} = {8C7C14AE-40D2-48BA-AC28-097C3C18E6CE}
		{634A0212-B5DD-411C-A084-2C8711E2A232} = {8C7C14AE-40D2-48BA-AC28-097C3C18E6CE}
		{74C0AD53-E24A-4793-A198-4CC59799D2D5} = {1D8D05E0-5021-4B0A-80E2-06BD97546545}
		{1836B226-639B-403E-ACA6-A5B0A28C0628} = {74C0AD53-E24A-4793-A198-4CC59799D2D5}
		{9C59E3CB-4F26-451A-ACE4-3B1533A31119} = {74C0AD53-E24A-4793-A198-4CC59799D2D5}
	EndGlobalSection
	GlobalSection(ExtensibilityGlobals) = postSolution
		SolutionGuid = {9C61AE8E-7AB4-4F95-9756-CEB18FA860C7}
	EndGlobalSection
EndGlobal
